
Microsoft Visual Studio Solution File, Format Version 12.00
# Visual Studio Version 17
VisualStudioVersion = 17.10.35122.118
MinimumVisualStudioVersion = 10.0.40219.1
Project("{2150E333-8FDC-42A3-9474-1A3956D46DE8}") = "src", "src", "{17873FA2-B089-4EDA-ACEE-143B48A8D966}"
EndProject
Project("{2150E333-8FDC-42A3-9474-1A3956D46DE8}") = "test", "test", "{C0C8B952-6648-422E-84E1-980CB9DF8BD2}"
EndProject
Project("{9A19103F-16F7-4668-BE54-9A1E7A4F7556}") = "BlackScholesMerton", "src\BlackScholesMerton\BlackScholesMerton.csproj", "{ED54BBFC-FBAF-443E-9A10-DA9F79A9EB01}"
EndProject
Project("{9A19103F-16F7-4668-BE54-9A1E7A4F7556}") = "BlackScholesMerton.Tests", "test\BlackScholesMerton.Tests\BlackScholesMerton.Tests.csproj", "{431F71E5-8A57-4DF5-B545-3196D396CAC3}"
EndProject
Project("{FAE04EC0-301F-11D3-BF4B-00C04F79EFBC}") = "EventSourcing.Poc", "src\EventSourcing.Poc\EventSourcing.Poc.csproj", "{A224E724-5BDA-4348-AC6F-7C90A47C724D}"
EndProject
Project("{FAE04EC0-301F-11D3-BF4B-00C04F79EFBC}") = "EventSourcing.Poc.Tests", "test\EventSourcing.Poc.Tests\EventSourcing.Poc.Tests.csproj", "{91A2CF10-F301-4464-A0F9-69C2B4EAAE66}"
EndProject
Project("{FAE04EC0-301F-11D3-BF4B-00C04F79EFBC}") = "Sudoku", "src\Sudoku\Sudoku.csproj", "{70D42819-6D5C-4333-976A-E541A50E9765}"
EndProject
Project("{FAE04EC0-301F-11D3-BF4B-00C04F79EFBC}") = "Sudoku.Tests", "test\Sudoku.Tests\Sudoku.Tests.csproj", "{5B94C380-A1B1-4640-B9CC-CADD47FC0E74}"
EndProject
Global
	GlobalSection(SolutionConfigurationPlatforms) = preSolution
		Debug|Any CPU = Debug|Any CPU
		Release|Any CPU = Release|Any CPU
	EndGlobalSection
	GlobalSection(ProjectConfigurationPlatforms) = postSolution
		{ED54BBFC-FBAF-443E-9A10-DA9F79A9EB01}.Debug|Any CPU.ActiveCfg = Debug|Any CPU
		{ED54BBFC-FBAF-443E-9A10-DA9F79A9EB01}.Debug|Any CPU.Build.0 = Debug|Any CPU
		{ED54BBFC-FBAF-443E-9A10-DA9F79A9EB01}.Release|Any CPU.ActiveCfg = Release|Any CPU
		{ED54BBFC-FBAF-443E-9A10-DA9F79A9EB01}.Release|Any CPU.Build.0 = Release|Any CPU
		{431F71E5-8A57-4DF5-B545-3196D396CAC3}.Debug|Any CPU.ActiveCfg = Debug|Any CPU
		{431F71E5-8A57-4DF5-B545-3196D396CAC3}.Debug|Any CPU.Build.0 = Debug|Any CPU
		{431F71E5-8A57-4DF5-B545-3196D396CAC3}.Release|Any CPU.ActiveCfg = Release|Any CPU
		{431F71E5-8A57-4DF5-B545-3196D396CAC3}.Release|Any CPU.Build.0 = Release|Any CPU
		{A224E724-5BDA-4348-AC6F-7C90A47C724D}.Debug|Any CPU.ActiveCfg = Debug|Any CPU
		{A224E724-5BDA-4348-AC6F-7C90A47C724D}.Debug|Any CPU.Build.0 = Debug|Any CPU
		{A224E724-5BDA-4348-AC6F-7C90A47C724D}.Release|Any CPU.ActiveCfg = Release|Any CPU
		{A224E724-5BDA-4348-AC6F-7C90A47C724D}.Release|Any CPU.Build.0 = Release|Any CPU
		{91A2CF10-F301-4464-A0F9-69C2B4EAAE66}.Debug|Any CPU.ActiveCfg = Debug|Any CPU
		{91A2CF10-F301-4464-A0F9-69C2B4EAAE66}.Debug|Any CPU.Build.0 = Debug|Any CPU
		{91A2CF10-F301-4464-A0F9-69C2B4EAAE66}.Release|Any CPU.ActiveCfg = Release|Any CPU
		{91A2CF10-F301-4464-A0F9-69C2B4EAAE66}.Release|Any CPU.Build.0 = Release|Any CPU
		{70D42819-6D5C-4333-976A-E541A50E9765}.Debug|Any CPU.ActiveCfg = Debug|Any CPU
		{70D42819-6D5C-4333-976A-E541A50E9765}.Debug|Any CPU.Build.0 = Debug|Any CPU
		{70D42819-6D5C-4333-976A-E541A50E9765}.Release|Any CPU.ActiveCfg = Release|Any CPU
		{70D42819-6D5C-4333-976A-E541A50E9765}.Release|Any CPU.Build.0 = Release|Any CPU
		{5B94C380-A1B1-4640-B9CC-CADD47FC0E74}.Debug|Any CPU.ActiveCfg = Debug|Any CPU
		{5B94C380-A1B1-4640-B9CC-CADD47FC0E74}.Debug|Any CPU.Build.0 = Debug|Any CPU
		{5B94C380-A1B1-4640-B9CC-CADD47FC0E74}.Release|Any CPU.ActiveCfg = Release|Any CPU
		{5B94C380-A1B1-4640-B9CC-CADD47FC0E74}.Release|Any CPU.Build.0 = Release|Any CPU
	EndGlobalSection
	GlobalSection(SolutionProperties) = preSolution
		HideSolutionNode = FALSE
	EndGlobalSection
	GlobalSection(NestedProjects) = preSolution
		{ED54BBFC-FBAF-443E-9A10-DA9F79A9EB01} = {17873FA2-B089-4EDA-ACEE-143B48A8D966}
		{431F71E5-8A57-4DF5-B545-3196D396CAC3} = {C0C8B952-6648-422E-84E1-980CB9DF8BD2}
		{A224E724-5BDA-4348-AC6F-7C90A47C724D} = {17873FA2-B089-4EDA-ACEE-143B48A8D966}
		{91A2CF10-F301-4464-A0F9-69C2B4EAAE66} = {C0C8B952-6648-422E-84E1-980CB9DF8BD2}
		{70D42819-6D5C-4333-976A-E541A50E9765} = {17873FA2-B089-4EDA-ACEE-143B48A8D966}
		{5B94C380-A1B1-4640-B9CC-CADD47FC0E74} = {C0C8B952-6648-422E-84E1-980CB9DF8BD2}
	EndGlobalSection
	GlobalSection(ExtensibilityGlobals) = postSolution
		SolutionGuid = {395CCA6E-F778-41F9-97AD-3FC5EBDC8C6D}
	EndGlobalSection
EndGlobal
